
Microsoft Visual Studio Solution File, Format Version 12.00
# Visual Studio Version 17
VisualStudioVersion = 17.5.002.0
MinimumVisualStudioVersion = 10.0.40219.1
Project("{9A19103F-16F7-4668-BE54-9A1E7A4F7556}") = "MyBlogs", "MyBlogs.csproj", "{5BA89D02-22F2-4A28-89DA-D98F719BD47C}"
EndProject
Global
	GlobalSection(SolutionConfigurationPlatforms) = preSolution
		Debug|Any CPU = Debug|Any CPU
		Release|Any CPU = Release|Any CPU
	EndGlobalSection
	GlobalSection(ProjectConfigurationPlatforms) = postSolution
		{5BA89D02-22F2-4A28-89DA-D98F719BD47C}.Debug|Any CPU.ActiveCfg = Debug|Any CPU
		{5BA89D02-22F2-4A28-89DA-D98F719BD47C}.Debug|Any CPU.Build.0 = Debug|Any CPU
		{5BA89D02-22F2-4A28-89DA-D98F719BD47C}.Release|Any CPU.ActiveCfg = Release|Any CPU
		{5BA89D02-22F2-4A28-89DA-D98F719BD47C}.Release|Any CPU.Build.0 = Release|Any CPU
	EndGlobalSection
	GlobalSection(SolutionProperties) = preSolution
		HideSolutionNode = FALSE
	EndGlobalSection
	GlobalSection(ExtensibilityGlobals) = postSolution
		SolutionGuid = {AB145EB7-F844-40B5-A4CE-326D34F02F98}
	EndGlobalSection
EndGlobal
